# This file is automatically @generated by Cargo.
# It is not intended for manual editing.
version = 3

[[package]]
name = "path-slash"
version = "0.2.0"
source = "registry+https://github.com/rust-lang/crates.io-index"
checksum = "c54014ba3c1880122928735226f78b6f5bf5bd1fed15e41e92cf7aa20278ce28"

[[package]]
name = "sna"
version = "0.1.0"
dependencies = [
 "path-slash",
]
